
Microsoft Visual Studio Solution File, Format Version 12.00
# Visual Studio Version 17
VisualStudioVersion = 17.5.002.0
MinimumVisualStudioVersion = 10.0.40219.1
Project("{9A19103F-16F7-4668-BE54-9A1E7A4F7556}") = "realtime-market-data-receiver", "realtime-market-data-receiver.csproj", "{0E53BB6F-5F63-4504-AF4C-C4E3FDA31D75}"
EndProject
Global
	GlobalSection(SolutionConfigurationPlatforms) = preSolution
		Debug|Any CPU = Debug|Any CPU
		Release|Any CPU = Release|Any CPU
	EndGlobalSection
	GlobalSection(ProjectConfigurationPlatforms) = postSolution
		{0E53BB6F-5F63-4504-AF4C-C4E3FDA31D75}.Debug|Any CPU.ActiveCfg = Debug|Any CPU
		{0E53BB6F-5F63-4504-AF4C-C4E3FDA31D75}.Debug|Any CPU.Build.0 = Debug|Any CPU
		{0E53BB6F-5F63-4504-AF4C-C4E3FDA31D75}.Release|Any CPU.ActiveCfg = Release|Any CPU
		{0E53BB6F-5F63-4504-AF4C-C4E3FDA31D75}.Release|Any CPU.Build.0 = Release|Any CPU
	EndGlobalSection
	GlobalSection(SolutionProperties) = preSolution
		HideSolutionNode = FALSE
	EndGlobalSection
	GlobalSection(ExtensibilityGlobals) = postSolution
		SolutionGuid = {EBD8FE60-14D1-47E4-BC23-A435994B644A}
	EndGlobalSection
EndGlobal
